
Microsoft Visual Studio Solution File, Format Version 12.00
# Visual Studio Version 17
VisualStudioVersion = 17.5.33414.496
MinimumVisualStudioVersion = 10.0.40219.1
Project("{9A19103F-16F7-4668-BE54-9A1E7A4F7556}") = "IIIFRespository", "IIIFRespository.csproj", "{6B808B6F-D2F6-463F-BF03-C0440BA0F2B8}"
EndProject
Project("{FAE04EC0-301F-11D3-BF4B-00C04F79EFBC}") = "ProtocolTests", "..\ProtocolTests\ProtocolTests.csproj", "{59925198-C315-4090-967E-1243740D0EF1}"
EndProject
Global
	GlobalSection(SolutionConfigurationPlatforms) = preSolution
		Debug|Any CPU = Debug|Any CPU
		Release|Any CPU = Release|Any CPU
	EndGlobalSection
	GlobalSection(ProjectConfigurationPlatforms) = postSolution
		{6B808B6F-D2F6-463F-BF03-C0440BA0F2B8}.Debug|Any CPU.ActiveCfg = Debug|Any CPU
		{6B808B6F-D2F6-463F-BF03-C0440BA0F2B8}.Debug|Any CPU.Build.0 = Debug|Any CPU
		{6B808B6F-D2F6-463F-BF03-C0440BA0F2B8}.Release|Any CPU.ActiveCfg = Release|Any CPU
		{6B808B6F-D2F6-463F-BF03-C0440BA0F2B8}.Release|Any CPU.Build.0 = Release|Any CPU
		{59925198-C315-4090-967E-1243740D0EF1}.Debug|Any CPU.ActiveCfg = Debug|Any CPU
		{59925198-C315-4090-967E-1243740D0EF1}.Debug|Any CPU.Build.0 = Debug|Any CPU
		{59925198-C315-4090-967E-1243740D0EF1}.Release|Any CPU.ActiveCfg = Release|Any CPU
		{59925198-C315-4090-967E-1243740D0EF1}.Release|Any CPU.Build.0 = Release|Any CPU
	EndGlobalSection
	GlobalSection(SolutionProperties) = preSolution
		HideSolutionNode = FALSE
	EndGlobalSection
	GlobalSection(ExtensibilityGlobals) = postSolution
		SolutionGuid = {AE64C456-0AC7-4D7A-AD35-8EA26CD00605}
	EndGlobalSection
EndGlobal
